
Microsoft Visual Studio Solution File, Format Version 12.00
# Visual Studio Version 17
VisualStudioVersion = 17.5.33530.505
MinimumVisualStudioVersion = 10.0.40219.1
Project("{FAE04EC0-301F-11D3-BF4B-00C04F79EFBC}") = "ToDoApp", "ToDoApp.csproj", "{55868660-9B5B-45EB-9503-F8FD5463EBB8}"
EndProject
Global
	GlobalSection(SolutionConfigurationPlatforms) = preSolution
		Debug|Any CPU = Debug|Any CPU
		Release|Any CPU = Release|Any CPU
	EndGlobalSection
	GlobalSection(ProjectConfigurationPlatforms) = postSolution
		{55868660-9B5B-45EB-9503-F8FD5463EBB8}.Debug|Any CPU.ActiveCfg = Debug|Any CPU
		{55868660-9B5B-45EB-9503-F8FD5463EBB8}.Debug|Any CPU.Build.0 = Debug|Any CPU
		{55868660-9B5B-45EB-9503-F8FD5463EBB8}.Release|Any CPU.ActiveCfg = Release|Any CPU
		{55868660-9B5B-45EB-9503-F8FD5463EBB8}.Release|Any CPU.Build.0 = Release|Any CPU
	EndGlobalSection
	GlobalSection(SolutionProperties) = preSolution
		HideSolutionNode = FALSE
	EndGlobalSection
	GlobalSection(ExtensibilityGlobals) = postSolution
		SolutionGuid = {B721EA25-882E-47CC-9888-7B08944709DA}
	EndGlobalSection
EndGlobal
